# This file is autogenerated, do not edit; changes may be undone by the next 'dep ensure'.


[[projects]]
  branch = "master"
  name = "github.com/fatih/camelcase"
  packages = ["."]
  revision = "44e46d280b43ec1531bb25252440e34f1b800b65"

[[projects]]
  branch = "master"
  name = "github.com/kr/pretty"
  packages = ["."]
  revision = "cfb55aafdaf3ec08f0db22699ab822c50091b1c4"

[[projects]]
  branch = "master"
  name = "github.com/kr/text"
  packages = ["."]
  revision = "7cafcd837844e784b526369c9bce262804aebc60"

[[projects]]
  branch = "master"
  name = "github.com/pinzolo/casee"
  packages = ["."]
  revision = "956b6baf666aeb716a38e78d8e69823676048099"

[[projects]]
  branch = "master"
  name = "github.com/vitaminwater/cgo.wchar"
  packages = ["."]
  revision = "5dd6f4be3f2a8c064325fe63439975cf37a8aa1d"

[solve-meta]
  analyzer-name = "dep"
  analyzer-version = 1
  inputs-digest = "93504f2efe293f2f79854db95c3b27fb08cc7b8a2367865a53257f4338877998"
  solver-name = "gps-cdcl"
  solver-version = 1
